
Microsoft Visual Studio Solution File, Format Version 12.00
# Visual Studio Version 17
VisualStudioVersion = 17.9.34701.34
MinimumVisualStudioVersion = 10.0.40219.1
Project("{9A19103F-16F7-4668-BE54-9A1E7A4F7556}") = "SlackBotManager.API", "SlackBotManager.API\SlackBotManager.API.csproj", "{149F37C2-79CB-4335-8259-6E7212165C95}"
EndProject
Project("{FAE04EC0-301F-11D3-BF4B-00C04F79EFBC}") = "SlackBotManager.APITests", "SlackBotManager.APITests\SlackBotManager.APITests.csproj", "{CC9F51CE-2BE9-4F28-9EEA-BD47B7C19772}"
EndProject
Global
	GlobalSection(SolutionConfigurationPlatforms) = preSolution
		Debug|Any CPU = Debug|Any CPU
		Release|Any CPU = Release|Any CPU
	EndGlobalSection
	GlobalSection(ProjectConfigurationPlatforms) = postSolution
		{149F37C2-79CB-4335-8259-6E7212165C95}.Debug|Any CPU.ActiveCfg = Debug|Any CPU
		{149F37C2-79CB-4335-8259-6E7212165C95}.Debug|Any CPU.Build.0 = Debug|Any CPU
		{149F37C2-79CB-4335-8259-6E7212165C95}.Release|Any CPU.ActiveCfg = Release|Any CPU
		{149F37C2-79CB-4335-8259-6E7212165C95}.Release|Any CPU.Build.0 = Release|Any CPU
		{CC9F51CE-2BE9-4F28-9EEA-BD47B7C19772}.Debug|Any CPU.ActiveCfg = Debug|Any CPU
		{CC9F51CE-2BE9-4F28-9EEA-BD47B7C19772}.Debug|Any CPU.Build.0 = Debug|Any CPU
		{CC9F51CE-2BE9-4F28-9EEA-BD47B7C19772}.Release|Any CPU.ActiveCfg = Release|Any CPU
		{CC9F51CE-2BE9-4F28-9EEA-BD47B7C19772}.Release|Any CPU.Build.0 = Release|Any CPU
	EndGlobalSection
	GlobalSection(SolutionProperties) = preSolution
		HideSolutionNode = FALSE
	EndGlobalSection
	GlobalSection(ExtensibilityGlobals) = postSolution
		SolutionGuid = {DD1912E0-0E2E-484F-AD72-CBEB3C425759}
	EndGlobalSection
EndGlobal
